# THIS IS AN AUTOGENERATED FILE. DO NOT EDIT THIS FILE DIRECTLY.
# yarn lockfile v1


"@stomp/stompjs@^6.1.2":
  version "6.1.2"
  resolved "https://registry.yarnpkg.com/@stomp/stompjs/-/stompjs-6.1.2.tgz#4ac3c380e8d1de1da94a3623d404e67de69dd01e"
  integrity sha512-FHDTrIFM5Ospi4L3Xhj6v2+NzCVAeNDcBe95YjUWhWiRMrBF6uN3I7AUOlRgT6jU/2WQvvYK8ZaIxFfxFp+uHQ==
